// !$*UTF8*$!
{
	archiveVersion = 1;
	classes = {
	};
	objectVersion = 56;
	objects = {

/* Begin PBXBuildFile section */
		39CB909429CEF958006B6503 /* AppDelegate.swift in Sources */ = {isa = PBXBuildFile; fileRef = 39CB909329CEF958006B6503 /* AppDelegate.swift */; };
		39CB909629CEF958006B6503 /* SceneDelegate.swift in Sources */ = {isa = PBXBuildFile; fileRef = 39CB909529CEF958006B6503 /* SceneDelegate.swift */; };
		39CB909829CEF958006B6503 /* ViewController.swift in Sources */ = {isa = PBXBuildFile; fileRef = 39CB909729CEF958006B6503 /* ViewController.swift */; };
		39CB909B29CEF958006B6503 /* Main.storyboard in Resources */ = {isa = PBXBuildFile; fileRef = 39CB909929CEF958006B6503 /* Main.storyboard */; };
		39CB909D29CEF959006B6503 /* Assets.xcassets in Resources */ = {isa = PBXBuildFile; fileRef = 39CB909C29CEF959006B6503 /* Assets.xcassets */; };
		39CB90A029CEF959006B6503 /* LaunchScreen.storyboard in Resources */ = {isa = PBXBuildFile; fileRef = 39CB909E29CEF959006B6503 /* LaunchScreen.storyboard */; };
		39CB90AE29CEF981006B6503 /* ggml-alpaca-7b-q4.bin in Resources */ = {isa = PBXBuildFile; fileRef = 39CB90A829CEF980006B6503 /* ggml-alpaca-7b-q4.bin */; };
		39CB90AF29CEF981006B6503 /* ggml.c in Sources */ = {isa = PBXBuildFile; fileRef = 39CB90A929CEF980006B6503 /* ggml.c */; };
		39CB90B029CEF981006B6503 /* utils.cpp in Sources */ = {isa = PBXBuildFile; fileRef = 39CB90AA29CEF980006B6503 /* utils.cpp */; };
		39CB90B129CEF981006B6503 /* chat.cpp in Sources */ = {isa = PBXBuildFile; fileRef = 39CB90AD29CEF981006B6503 /* chat.cpp */; };
		39CB90B929CF5169006B6503 /* AlpacaBridge.m in Sources */ = {isa = PBXBuildFile; fileRef = 39CB90B829CF5169006B6503 /* AlpacaBridge.m */; };
/* End PBXBuildFile section */

/* Begin PBXFileReference section */
		39871F2529CFA4030093F20E /* alpaca.entitlements */ = {isa = PBXFileReference; lastKnownFileType = text.plist.entitlements; path = alpaca.entitlements; sourceTree = "<group>"; };
		39CB909029CEF958006B6503 /* alpaca.app */ = {isa = PBXFileReference; explicitFileType = wrapper.application; includeInIndex = 0; path = alpaca.app; sourceTree = BUILT_PRODUCTS_DIR; };
		39CB909329CEF958006B6503 /* AppDelegate.swift */ = {isa = PBXFileReference; lastKnownFileType = sourcecode.swift; path = AppDelegate.swift; sourceTree = "<group>"; };
		39CB909529CEF958006B6503 /* SceneDelegate.swift */ = {isa = PBXFileReference; lastKnownFileType = sourcecode.swift; path = SceneDelegate.swift; sourceTree = "<group>"; };
		39CB909729CEF958006B6503 /* ViewController.swift */ = {isa = PBXFileReference; lastKnownFileType = sourcecode.swift; path = ViewController.swift; sourceTree = "<group>"; };
		39CB909A29CEF958006B6503 /* Base */ = {isa = PBXFileReference; lastKnownFileType = file.storyboard; name = Base; path = Base.lproj/Main.storyboard; sourceTree = "<group>"; };
		39CB909C29CEF959006B6503 /* Assets.xcassets */ = {isa = PBXFileReference; lastKnownFileType = folder.assetcatalog; path = Assets.xcassets; sourceTree = "<group>"; };
		39CB909F29CEF959006B6503 /* Base */ = {isa = PBXFileReference; lastKnownFileType = file.storyboard; name = Base; path = Base.lproj/LaunchScreen.storyboard; sourceTree = "<group>"; };
		39CB90A129CEF959006B6503 /* Info.plist */ = {isa = PBXFileReference; lastKnownFileType = text.plist.xml; path = Info.plist; sourceTree = "<group>"; };
		39CB90A729CEF97F006B6503 /* alpaca-Bridging-Header.h */ = {isa = PBXFileReference; lastKnownFileType = sourcecode.c.h; path = "alpaca-Bridging-Header.h"; sourceTree = "<group>"; };
		39CB90A829CEF980006B6503 /* ggml-alpaca-7b-q4.bin */ = {isa = PBXFileReference; lastKnownFileType = archive.macbinary; name = "ggml-alpaca-7b-q4.bin"; path = "../../../ggml-alpaca-7b-q4.bin"; sourceTree = "<group>"; };
		39CB90A929CEF980006B6503 /* ggml.c */ = {isa = PBXFileReference; fileEncoding = 4; lastKnownFileType = sourcecode.c.c; name = ggml.c; path = ../../../ggml.c; sourceTree = "<group>"; };
		39CB90AA29CEF980006B6503 /* utils.cpp */ = {isa = PBXFileReference; fileEncoding = 4; lastKnownFileType = sourcecode.cpp.cpp; name = utils.cpp; path = ../../../utils.cpp; sourceTree = "<group>"; };
		39CB90AB29CEF980006B6503 /* ggml.h */ = {isa = PBXFileReference; fileEncoding = 4; lastKnownFileType = sourcecode.c.h; name = ggml.h; path = ../../../ggml.h; sourceTree = "<group>"; };
		39CB90AC29CEF980006B6503 /* utils.h */ = {isa = PBXFileReference; fileEncoding = 4; lastKnownFileType = sourcecode.c.h; name = utils.h; path = ../../../utils.h; sourceTree = "<group>"; };
		39CB90AD29CEF981006B6503 /* chat.cpp */ = {isa = PBXFileReference; fileEncoding = 4; lastKnownFileType = sourcecode.cpp.cpp; name = chat.cpp; path = ../../../chat.cpp; sourceTree = "<group>"; };
		39CB90B229CEFA35006B6503 /* chat.h */ = {isa = PBXFileReference; lastKnownFileType = sourcecode.c.h; name = chat.h; path = ../../../chat.h; sourceTree = "<group>"; };
		39CB90B829CF5169006B6503 /* AlpacaBridge.m */ = {isa = PBXFileReference; lastKnownFileType = sourcecode.c.objc; path = AlpacaBridge.m; sourceTree = "<group>"; };
		39CB90BA29CF5177006B6503 /* AlpacaBridge.h */ = {isa = PBXFileReference; lastKnownFileType = sourcecode.c.h; path = AlpacaBridge.h; sourceTree = "<group>"; };
		39CB90BB29CF5937006B6503 /* AlpacaDelegate.h */ = {isa = PBXFileReference; lastKnownFileType = sourcecode.c.h; path = AlpacaDelegate.h; sourceTree = "<group>"; };
/* End PBXFileReference section */

/* Begin PBXFrameworksBuildPhase section */
		39CB908D29CEF958006B6503 /* Frameworks */ = {
			isa = PBXFrameworksBuildPhase;
			buildActionMask = 2147483647;
			files = (
			);
			runOnlyForDeploymentPostprocessing = 0;
		};
/* End PBXFrameworksBuildPhase section */

/* Begin PBXGroup section */
		39CB908729CEF958006B6503 = {
			isa = PBXGroup;
			children = (
				39CB909229CEF958006B6503 /* alpaca */,
				39CB909129CEF958006B6503 /* Products */,
			);
			sourceTree = "<group>";
		};
		39CB909129CEF958006B6503 /* Products */ = {
			isa = PBXGroup;
			children = (
				39CB909029CEF958006B6503 /* alpaca.app */,
			);
			name = Products;
			sourceTree = "<group>";
		};
		39CB909229CEF958006B6503 /* alpaca */ = {
			isa = PBXGroup;
			children = (
				39871F2529CFA4030093F20E /* alpaca.entitlements */,
				39CB90AD29CEF981006B6503 /* chat.cpp */,
				39CB90A829CEF980006B6503 /* ggml-alpaca-7b-q4.bin */,
				39CB90A929CEF980006B6503 /* ggml.c */,
				39CB90AB29CEF980006B6503 /* ggml.h */,
				39CB90AA29CEF980006B6503 /* utils.cpp */,
				39CB90AC29CEF980006B6503 /* utils.h */,
				39CB909329CEF958006B6503 /* AppDelegate.swift */,
				39CB909529CEF958006B6503 /* SceneDelegate.swift */,
				39CB909729CEF958006B6503 /* ViewController.swift */,
				39CB909929CEF958006B6503 /* Main.storyboard */,
				39CB909C29CEF959006B6503 /* Assets.xcassets */,
				39CB909E29CEF959006B6503 /* LaunchScreen.storyboard */,
				39CB90A129CEF959006B6503 /* Info.plist */,
				39CB90A729CEF97F006B6503 /* alpaca-Bridging-Header.h */,
				39CB90B229CEFA35006B6503 /* chat.h */,
				39CB90B829CF5169006B6503 /* AlpacaBridge.m */,
				39CB90BA29CF5177006B6503 /* AlpacaBridge.h */,
				39CB90BB29CF5937006B6503 /* AlpacaDelegate.h */,
			);
			path = alpaca;
			sourceTree = "<group>";
		};
/* End PBXGroup section */

/* Begin PBXNativeTarget section */
		39CB908F29CEF958006B6503 /* alpaca */ = {
			isa = PBXNativeTarget;
			buildConfigurationList = 39CB90A429CEF959006B6503 /* Build configuration list for PBXNativeTarget "alpaca" */;
			buildPhases = (
				39CB908C29CEF958006B6503 /* Sources */,
				39CB908D29CEF958006B6503 /* Frameworks */,
				39CB908E29CEF958006B6503 /* Resources */,
			);
			buildRules = (
			);
			dependencies = (
			);
			name = alpaca;
			productName = alpaka;
			productReference = 39CB909029CEF958006B6503 /* alpaca.app */;
			productType = "com.apple.product-type.application";
		};
/* End PBXNativeTarget section */

/* Begin PBXProject section */
		39CB908829CEF958006B6503 /* Project object */ = {
			isa = PBXProject;
			attributes = {
				BuildIndependentTargetsInParallel = 1;
				LastSwiftUpdateCheck = 1420;
				LastUpgradeCheck = 1420;
				TargetAttributes = {
					39CB908F29CEF958006B6503 = {
						CreatedOnToolsVersion = 14.2;
						LastSwiftMigration = 1420;
					};
				};
			};
			buildConfigurationList = 39CB908B29CEF958006B6503 /* Build configuration list for PBXProject "alpaca" */;
			compatibilityVersion = "Xcode 14.0";
			developmentRegion = en;
			hasScannedForEncodings = 0;
			knownRegions = (
				en,
				Base,
			);
			mainGroup = 39CB908729CEF958006B6503;
			productRefGroup = 39CB909129CEF958006B6503 /* Products */;
			projectDirPath = "";
			projectRoot = "";
			targets = (
				39CB908F29CEF958006B6503 /* alpaca */,
			);
		};
/* End PBXProject section */

/* Begin PBXResourcesBuildPhase section */
		39CB908E29CEF958006B6503 /* Resources */ = {
			isa = PBXResourcesBuildPhase;
			buildActionMask = 2147483647;
			files = (
				39CB90A029CEF959006B6503 /* LaunchScreen.storyboard in Resources */,
				39CB909D29CEF959006B6503 /* Assets.xcassets in Resources */,
				39CB90AE29CEF981006B6503 /* ggml-alpaca-7b-q4.bin in Resources */,
				39CB909B29CEF958006B6503 /* Main.storyboard in Resources */,
			);
			runOnlyForDeploymentPostprocessing = 0;
		};
/* End PBXResourcesBuildPhase section */

/* Begin PBXSourcesBuildPhase section */
		39CB908C29CEF958006B6503 /* Sources */ = {
			isa = PBXSourcesBuildPhase;
			buildActionMask = 2147483647;
			files = (
				39CB909829CEF958006B6503 /* ViewController.swift in Sources */,
				39CB90B929CF5169006B6503 /* AlpacaBridge.m in Sources */,
				39CB90B029CEF981006B6503 /* utils.cpp in Sources */,
				39CB909429CEF958006B6503 /* AppDelegate.swift in Sources */,
				39CB90AF29CEF981006B6503 /* ggml.c in Sources */,
				39CB909629CEF958006B6503 /* SceneDelegate.swift in Sources */,
				39CB90B129CEF981006B6503 /* chat.cpp in Sources */,
			);
			runOnlyForDeploymentPostprocessing = 0;
		};
/* End PBXSourcesBuildPhase section */

/* Begin PBXVariantGroup section */
		39CB909929CEF958006B6503 /* Main.storyboard */ = {
			isa = PBXVariantGroup;
			children = (
				39CB909A29CEF958006B6503 /* Base */,
			);
			name = Main.storyboard;
			sourceTree = "<group>";
		};
		39CB909E29CEF959006B6503 /* LaunchScreen.storyboard */ = {
			isa = PBXVariantGroup;
			children = (
				39CB909F29CEF959006B6503 /* Base */,
			);
			name = LaunchScreen.storyboard;
			sourceTree = "<group>";
		};
/* End PBXVariantGroup section */

/* Begin XCBuildConfiguration section */
		39CB90A229CEF959006B6503 /* Debug */ = {
			isa = XCBuildConfiguration;
			buildSettings = {
				ALWAYS_SEARCH_USER_PATHS = NO;
				CLANG_ANALYZER_NONNULL = YES;
				CLANG_ANALYZER_NUMBER_OBJECT_CONVERSION = YES_AGGRESSIVE;
				CLANG_CXX_LANGUAGE_STANDARD = "gnu++20";
				CLANG_ENABLE_MODULES = YES;
				CLANG_ENABLE_OBJC_ARC = YES;
				CLANG_ENABLE_OBJC_WEAK = YES;
				CLANG_WARN_BLOCK_CAPTURE_AUTORELEASING = YES;
				CLANG_WARN_BOOL_CONVERSION = YES;
				CLANG_WARN_COMMA = YES;
				CLANG_WARN_CONSTANT_CONVERSION = YES;
				CLANG_WARN_DEPRECATED_OBJC_IMPLEMENTATIONS = YES;
				CLANG_WARN_DIRECT_OBJC_ISA_USAGE = YES_ERROR;
				CLANG_WARN_DOCUMENTATION_COMMENTS = YES;
				CLANG_WARN_EMPTY_BODY = YES;
				CLANG_WARN_ENUM_CONVERSION = YES;
				CLANG_WARN_INFINITE_RECURSION = YES;
				CLANG_WARN_INT_CONVERSION = YES;
				CLANG_WARN_NON_LITERAL_NULL_CONVERSION = YES;
				CLANG_WARN_OBJC_IMPLICIT_RETAIN_SELF = YES;
				CLANG_WARN_OBJC_LITERAL_CONVERSION = YES;
				CLANG_WARN_OBJC_ROOT_CLASS = YES_ERROR;
				CLANG_WARN_QUOTED_INCLUDE_IN_FRAMEWORK_HEADER = YES;
				CLANG_WARN_RANGE_LOOP_ANALYSIS = YES;
				CLANG_WARN_STRICT_PROTOTYPES = YES;
				CLANG_WARN_SUSPICIOUS_MOVE = YES;
				CLANG_WARN_UNGUARDED_AVAILABILITY = YES_AGGRESSIVE;
				CLANG_WARN_UNREACHABLE_CODE = YES;
				CLANG_WARN__DUPLICATE_METHOD_MATCH = YES;
				COPY_PHASE_STRIP = NO;
				DEBUG_INFORMATION_FORMAT = dwarf;
				ENABLE_STRICT_OBJC_MSGSEND = YES;
				ENABLE_TESTABILITY = YES;
				GCC_C_LANGUAGE_STANDARD = gnu11;
				GCC_DYNAMIC_NO_PIC = NO;
				GCC_NO_COMMON_BLOCKS = YES;
				GCC_OPTIMIZATION_LEVEL = 0;
				GCC_PREPROCESSOR_DEFINITIONS = (
					"DEBUG=1",
					"$(inherited)",
				);
				GCC_WARN_64_TO_32_BIT_CONVERSION = YES;
				GCC_WARN_ABOUT_RETURN_TYPE = YES_ERROR;
				GCC_WARN_UNDECLARED_SELECTOR = YES;
				GCC_WARN_UNINITIALIZED_AUTOS = YES_AGGRESSIVE;
				GCC_WARN_UNUSED_FUNCTION = YES;
				GCC_WARN_UNUSED_VARIABLE = YES;
				IPHONEOS_DEPLOYMENT_TARGET = 16.2;
				MTL_ENABLE_DEBUG_INFO = INCLUDE_SOURCE;
				MTL_FAST_MATH = YES;
				ONLY_ACTIVE_ARCH = YES;
				SDKROOT = iphoneos;
				SWIFT_ACTIVE_COMPILATION_CONDITIONS = DEBUG;
				SWIFT_OPTIMIZATION_LEVEL = "-Onone";
			};
			name = Debug;
		};
		39CB90A329CEF959006B6503 /* Release */ = {
			isa = XCBuildConfiguration;
			buildSettings = {
				ALWAYS_SEARCH_USER_PATHS = NO;
				CLANG_ANALYZER_NONNULL = YES;
				CLANG_ANALYZER_NUMBER_OBJECT_CONVERSION = YES_AGGRESSIVE;
				CLANG_CXX_LANGUAGE_STANDARD = "gnu++20";
				CLANG_ENABLE_MODULES = YES;
				CLANG_ENABLE_OBJC_ARC = YES;
				CLANG_ENABLE_OBJC_WEAK = YES;
				CLANG_WARN_BLOCK_CAPTURE_AUTORELEASING = YES;
				CLANG_WARN_BOOL_CONVERSION = YES;
				CLANG_WARN_COMMA = YES;
				CLANG_WARN_CONSTANT_CONVERSION = YES;
				CLANG_WARN_DEPRECATED_OBJC_IMPLEMENTATIONS = YES;
				CLANG_WARN_DIRECT_OBJC_ISA_USAGE = YES_ERROR;
				CLANG_WARN_DOCUMENTATION_COMMENTS = YES;
				CLANG_WARN_EMPTY_BODY = YES;
				CLANG_WARN_ENUM_CONVERSION = YES;
				CLANG_WARN_INFINITE_RECURSION = YES;
				CLANG_WARN_INT_CONVERSION = YES;
				CLANG_WARN_NON_LITERAL_NULL_CONVERSION = YES;
				CLANG_WARN_OBJC_IMPLICIT_RETAIN_SELF = YES;
				CLANG_WARN_OBJC_LITERAL_CONVERSION = YES;
				CLANG_WARN_OBJC_ROOT_CLASS = YES_ERROR;
				CLANG_WARN_QUOTED_INCLUDE_IN_FRAMEWORK_HEADER = YES;
				CLANG_WARN_RANGE_LOOP_ANALYSIS = YES;
				CLANG_WARN_STRICT_PROTOTYPES = YES;
				CLANG_WARN_SUSPICIOUS_MOVE = YES;
				CLANG_WARN_UNGUARDED_AVAILABILITY = YES_AGGRESSIVE;
				CLANG_WARN_UNREACHABLE_CODE = YES;
				CLANG_WARN__DUPLICATE_METHOD_MATCH = YES;
				COPY_PHASE_STRIP = NO;
				DEBUG_INFORMATION_FORMAT = "dwarf-with-dsym";
				ENABLE_NS_ASSERTIONS = NO;
				ENABLE_STRICT_OBJC_MSGSEND = YES;
				GCC_C_LANGUAGE_STANDARD = gnu11;
				GCC_NO_COMMON_BLOCKS = YES;
				GCC_WARN_64_TO_32_BIT_CONVERSION = YES;
				GCC_WARN_ABOUT_RETURN_TYPE = YES_ERROR;
				GCC_WARN_UNDECLARED_SELECTOR = YES;
				GCC_WARN_UNINITIALIZED_AUTOS = YES_AGGRESSIVE;
				GCC_WARN_UNUSED_FUNCTION = YES;
				GCC_WARN_UNUSED_VARIABLE = YES;
				IPHONEOS_DEPLOYMENT_TARGET = 16.2;
				MTL_ENABLE_DEBUG_INFO = NO;
				MTL_FAST_MATH = YES;
				SDKROOT = iphoneos;
				SWIFT_COMPILATION_MODE = wholemodule;
				SWIFT_OPTIMIZATION_LEVEL = "-O";
				VALIDATE_PRODUCT = YES;
			};
			name = Release;
		};
		39CB90A529CEF959006B6503 /* Debug */ = {
			isa = XCBuildConfiguration;
			buildSettings = {
				ASSETCATALOG_COMPILER_APPICON_NAME = AppIcon;
				ASSETCATALOG_COMPILER_GLOBAL_ACCENT_COLOR_NAME = AccentColor;
				CLANG_ENABLE_MODULES = YES;
				CODE_SIGN_ENTITLEMENTS = alpaca/alpaca.entitlements;
				CODE_SIGN_STYLE = Automatic;
				CURRENT_PROJECT_VERSION = 1;
				DEVELOPMENT_TEAM = 45YD96CPM2;
				GCC_PREPROCESSOR_DEFINITIONS = (
					"IOSBUILD=1",
					"GGML_USE_ACCELERATE=1",
				);
				GENERATE_INFOPLIST_FILE = YES;
				INFOPLIST_FILE = alpaca/Info.plist;
				INFOPLIST_KEY_UIApplicationSupportsIndirectInputEvents = YES;
				INFOPLIST_KEY_UILaunchStoryboardName = LaunchScreen;
				INFOPLIST_KEY_UIMainStoryboardFile = Main;
				INFOPLIST_KEY_UISupportedInterfaceOrientations_iPad = "UIInterfaceOrientationPortrait UIInterfaceOrientationPortraitUpsideDown UIInterfaceOrientationLandscapeLeft UIInterfaceOrientationLandscapeRight";
				INFOPLIST_KEY_UISupportedInterfaceOrientations_iPhone = "UIInterfaceOrientationPortrait UIInterfaceOrientationLandscapeLeft UIInterfaceOrientationLandscapeRight";
				LD_RUNPATH_SEARCH_PATHS = (
					"$(inherited)",
					"@executable_path/Frameworks",
				);
				MARKETING_VERSION = 1.0;
				PRODUCT_BUNDLE_IDENTIFIER = com.onexip.alpaca.alpaca;
				PRODUCT_NAME = "$(TARGET_NAME)";
				SWIFT_EMIT_LOC_STRINGS = YES;
				SWIFT_OBJC_BRIDGING_HEADER = "alpaca/alpaca-Bridging-Header.h";
				SWIFT_OPTIMIZATION_LEVEL = "-Onone";
				SWIFT_VERSION = 5.0;
				SYSTEM_HEADER_SEARCH_PATHS = ../../;
				TARGETED_DEVICE_FAMILY = "1,2";
			};
			name = Debug;
		};
		39CB90A629CEF959006B6503 /* Release */ = {
			isa = XCBuildConfiguration;
			buildSettings = {
				ASSETCATALOG_COMPILER_APPICON_NAME = AppIcon;
				ASSETCATALOG_COMPILER_GLOBAL_ACCENT_COLOR_NAME = AccentColor;
				CLANG_ENABLE_MODULES = YES;
				CODE_SIGN_ENTITLEMENTS = alpaca/alpaca.entitlements;
				CODE_SIGN_STYLE = Automatic;
				CURRENT_PROJECT_VERSION = 1;
				DEVELOPMENT_TEAM = 45YD96CPM2;
				GCC_OPTIMIZATION_LEVEL = s;
				GCC_PREPROCESSOR_DEFINITIONS = (
					"IOSBUILD=1",
					"GGML_USE_ACCELERATE=1",
				);
				GENERATE_INFOPLIST_FILE = YES;
				INFOPLIST_FILE = alpaca/Info.plist;
				INFOPLIST_KEY_UIApplicationSupportsIndirectInputEvents = YES;
				INFOPLIST_KEY_UILaunchStoryboardName = LaunchScreen;
				INFOPLIST_KEY_UIMainStoryboardFile = Main;
				INFOPLIST_KEY_UISupportedInterfaceOrientations_iPad = "UIInterfaceOrientationPortrait UIInterfaceOrientationPortraitUpsideDown UIInterfaceOrientationLandscapeLeft UIInterfaceOrientationLandscapeRight";
				INFOPLIST_KEY_UISupportedInterfaceOrientations_iPhone = "UIInterfaceOrientationPortrait UIInterfaceOrientationLandscapeLeft UIInterfaceOrientationLandscapeRight";
				LD_RUNPATH_SEARCH_PATHS = (
					"$(inherited)",
					"@executable_path/Frameworks",
				);
				MARKETING_VERSION = 1.0;
				PRODUCT_BUNDLE_IDENTIFIER = com.onexip.alpaca.alpaca;
				PRODUCT_NAME = "$(TARGET_NAME)";
				SWIFT_EMIT_LOC_STRINGS = YES;
				SWIFT_OBJC_BRIDGING_HEADER = "alpaca/alpaca-Bridging-Header.h";
				SWIFT_VERSION = 5.0;
				SYSTEM_HEADER_SEARCH_PATHS = ../../;
				TARGETED_DEVICE_FAMILY = "1,2";
			};
			name = Release;
		};
/* End XCBuildConfiguration section */

/* Begin XCConfigurationList section */
		39CB908B29CEF958006B6503 /* Build configuration list for PBXProject "alpaca" */ = {
			isa = XCConfigurationList;
			buildConfigurations = (
				39CB90A229CEF959006B6503 /* Debug */,
				39CB90A329CEF959006B6503 /* Release */,
			);
			defaultConfigurationIsVisible = 0;
			defaultConfigurationName = Release;
		};
		39CB90A429CEF959006B6503 /* Build configuration list for PBXNativeTarget "alpaca" */ = {
			isa = XCConfigurationList;
			buildConfigurations = (
				39CB90A529CEF959006B6503 /* Debug */,
				39CB90A629CEF959006B6503 /* Release */,
			);
			defaultConfigurationIsVisible = 0;
			defaultConfigurationName = Release;
		};
/* End XCConfigurationList section */
	};
	rootObject = 39CB908829CEF958006B6503 /* Project object */;
}
